// !$*UTF8*$!
{
	archiveVersion = 1;
	classes = {
	};
	objectVersion = 50;
	objects = {

/* Begin PBXBuildFile section */
		CA1806AE20C7B81F00B76A1F /* PlayingCardDeck.swift in Sources */ = {isa = PBXBuildFile; fileRef = CA1806AD20C7B81F00B76A1F /* PlayingCardDeck.swift */; };
		CA5FBA7820C7A09F00E1E40E /* AppDelegate.swift in Sources */ = {isa = PBXBuildFile; fileRef = CA5FBA7720C7A09F00E1E40E /* AppDelegate.swift */; };
		CA5FBA7A20C7A09F00E1E40E /* ViewController.swift in Sources */ = {isa = PBXBuildFile; fileRef = CA5FBA7920C7A09F00E1E40E /* ViewController.swift */; };
		CA5FBA7D20C7A09F00E1E40E /* Main.storyboard in Resources */ = {isa = PBXBuildFile; fileRef = CA5FBA7B20C7A09F00E1E40E /* Main.storyboard */; };
		CA5FBA7F20C7A0A100E1E40E /* Assets.xcassets in Resources */ = {isa = PBXBuildFile; fileRef = CA5FBA7E20C7A0A100E1E40E /* Assets.xcassets */; };
		CA5FBA8220C7A0A100E1E40E /* LaunchScreen.storyboard in Resources */ = {isa = PBXBuildFile; fileRef = CA5FBA8020C7A0A100E1E40E /* LaunchScreen.storyboard */; };
		CA5FBA8B20C7A25800E1E40E /* PlayingCard.swift in Sources */ = {isa = PBXBuildFile; fileRef = CA5FBA8A20C7A25800E1E40E /* PlayingCard.swift */; };
/* End PBXBuildFile section */

/* Begin PBXFileReference section */
		CA1806AD20C7B81F00B76A1F /* PlayingCardDeck.swift */ = {isa = PBXFileReference; lastKnownFileType = sourcecode.swift; path = PlayingCardDeck.swift; sourceTree = "<group>"; };
		CA5FBA7420C7A09F00E1E40E /* PlayingCard.app */ = {isa = PBXFileReference; explicitFileType = wrapper.application; includeInIndex = 0; path = PlayingCard.app; sourceTree = BUILT_PRODUCTS_DIR; };
		CA5FBA7720C7A09F00E1E40E /* AppDelegate.swift */ = {isa = PBXFileReference; lastKnownFileType = sourcecode.swift; path = AppDelegate.swift; sourceTree = "<group>"; };
		CA5FBA7920C7A09F00E1E40E /* ViewController.swift */ = {isa = PBXFileReference; lastKnownFileType = sourcecode.swift; path = ViewController.swift; sourceTree = "<group>"; };
		CA5FBA7C20C7A09F00E1E40E /* Base */ = {isa = PBXFileReference; lastKnownFileType = file.storyboard; name = Base; path = Base.lproj/Main.storyboard; sourceTree = "<group>"; };
		CA5FBA7E20C7A0A100E1E40E /* Assets.xcassets */ = {isa = PBXFileReference; lastKnownFileType = folder.assetcatalog; path = Assets.xcassets; sourceTree = "<group>"; };
		CA5FBA8120C7A0A100E1E40E /* Base */ = {isa = PBXFileReference; lastKnownFileType = file.storyboard; name = Base; path = Base.lproj/LaunchScreen.storyboard; sourceTree = "<group>"; };
		CA5FBA8320C7A0A100E1E40E /* Info.plist */ = {isa = PBXFileReference; lastKnownFileType = text.plist.xml; path = Info.plist; sourceTree = "<group>"; };
		CA5FBA8A20C7A25800E1E40E /* PlayingCard.swift */ = {isa = PBXFileReference; lastKnownFileType = sourcecode.swift; path = PlayingCard.swift; sourceTree = "<group>"; };
/* End PBXFileReference section */

/* Begin PBXFrameworksBuildPhase section */
		CA5FBA7120C7A09F00E1E40E /* Frameworks */ = {
			isa = PBXFrameworksBuildPhase;
			buildActionMask = 2147483647;
			files = (
			);
			runOnlyForDeploymentPostprocessing = 0;
		};
/* End PBXFrameworksBuildPhase section */

/* Begin PBXGroup section */
		CA5FBA6B20C7A09F00E1E40E = {
			isa = PBXGroup;
			children = (
				CA5FBA7620C7A09F00E1E40E /* PlayingCard */,
				CA5FBA7520C7A09F00E1E40E /* Products */,
			);
			sourceTree = "<group>";
		};
		CA5FBA7520C7A09F00E1E40E /* Products */ = {
			isa = PBXGroup;
			children = (
				CA5FBA7420C7A09F00E1E40E /* PlayingCard.app */,
			);
			name = Products;
			sourceTree = "<group>";
		};
		CA5FBA7620C7A09F00E1E40E /* PlayingCard */ = {
			isa = PBXGroup;
			children = (
				CA5FBA8920C7A21E00E1E40E /* Supporting Files */,
				CA5FBA7920C7A09F00E1E40E /* ViewController.swift */,
				CA5FBA7B20C7A09F00E1E40E /* Main.storyboard */,
				CA5FBA8A20C7A25800E1E40E /* PlayingCard.swift */,
				CA1806AD20C7B81F00B76A1F /* PlayingCardDeck.swift */,
				CA5FBA7E20C7A0A100E1E40E /* Assets.xcassets */,
				CA5FBA8320C7A0A100E1E40E /* Info.plist */,
			);
			path = PlayingCard;
			sourceTree = "<group>";
		};
		CA5FBA8920C7A21E00E1E40E /* Supporting Files */ = {
			isa = PBXGroup;
			children = (
				CA5FBA7720C7A09F00E1E40E /* AppDelegate.swift */,
				CA5FBA8020C7A0A100E1E40E /* LaunchScreen.storyboard */,
			);
			path = "Supporting Files";
			sourceTree = "<group>";
		};
/* End PBXGroup section */

/* Begin PBXNativeTarget section */
		CA5FBA7320C7A09F00E1E40E /* PlayingCard */ = {
			isa = PBXNativeTarget;
			buildConfigurationList = CA5FBA8620C7A0A100E1E40E /* Build configuration list for PBXNativeTarget "PlayingCard" */;
			buildPhases = (
				CA5FBA7020C7A09F00E1E40E /* Sources */,
				CA5FBA7120C7A09F00E1E40E /* Frameworks */,
				CA5FBA7220C7A09F00E1E40E /* Resources */,
			);
			buildRules = (
			);
			dependencies = (
			);
			name = PlayingCard;
			productName = PlayingCard;
			productReference = CA5FBA7420C7A09F00E1E40E /* PlayingCard.app */;
			productType = "com.apple.product-type.application";
		};
/* End PBXNativeTarget section */

/* Begin PBXProject section */
		CA5FBA6C20C7A09F00E1E40E /* Project object */ = {
			isa = PBXProject;
			attributes = {
				LastSwiftUpdateCheck = 0940;
				LastUpgradeCheck = 0940;
				ORGANIZATIONNAME = "Pajato Technologies";
				TargetAttributes = {
					CA5FBA7320C7A09F00E1E40E = {
						CreatedOnToolsVersion = 9.4;
					};
				};
			};
			buildConfigurationList = CA5FBA6F20C7A09F00E1E40E /* Build configuration list for PBXProject "PlayingCard" */;
			compatibilityVersion = "Xcode 9.3";
			developmentRegion = en;
			hasScannedForEncodings = 0;
			knownRegions = (
				en,
				Base,
			);
			mainGroup = CA5FBA6B20C7A09F00E1E40E;
			productRefGroup = CA5FBA7520C7A09F00E1E40E /* Products */;
			projectDirPath = "";
			projectRoot = "";
			targets = (
				CA5FBA7320C7A09F00E1E40E /* PlayingCard */,
			);
		};
/* End PBXProject section */

/* Begin PBXResourcesBuildPhase section */
		CA5FBA7220C7A09F00E1E40E /* Resources */ = {
			isa = PBXResourcesBuildPhase;
			buildActionMask = 2147483647;
			files = (
				CA5FBA8220C7A0A100E1E40E /* LaunchScreen.storyboard in Resources */,
				CA5FBA7F20C7A0A100E1E40E /* Assets.xcassets in Resources */,
				CA5FBA7D20C7A09F00E1E40E /* Main.storyboard in Resources */,
			);
			runOnlyForDeploymentPostprocessing = 0;
		};
/* End PBXResourcesBuildPhase section */

/* Begin PBXSourcesBuildPhase section */
		CA5FBA7020C7A09F00E1E40E /* Sources */ = {
			isa = PBXSourcesBuildPhase;
			buildActionMask = 2147483647;
			files = (
				CA5FBA7A20C7A09F00E1E40E /* ViewController.swift in Sources */,
				CA1806AE20C7B81F00B76A1F /* PlayingCardDeck.swift in Sources */,
				CA5FBA8B20C7A25800E1E40E /* PlayingCard.swift in Sources */,
				CA5FBA7820C7A09F00E1E40E /* AppDelegate.swift in Sources */,
			);
			runOnlyForDeploymentPostprocessing = 0;
		};
/* End PBXSourcesBuildPhase section */

/* Begin PBXVariantGroup section */
		CA5FBA7B20C7A09F00E1E40E /* Main.storyboard */ = {
			isa = PBXVariantGroup;
			children = (
				CA5FBA7C20C7A09F00E1E40E /* Base */,
			);
			name = Main.storyboard;
			sourceTree = "<group>";
		};
		CA5FBA8020C7A0A100E1E40E /* LaunchScreen.storyboard */ = {
			isa = PBXVariantGroup;
			children = (
				CA5FBA8120C7A0A100E1E40E /* Base */,
			);
			name = LaunchScreen.storyboard;
			sourceTree = "<group>";
		};
/* End PBXVariantGroup section */

/* Begin XCBuildConfiguration section */
		CA5FBA8420C7A0A100E1E40E /* Debug */ = {
			isa = XCBuildConfiguration;
			buildSettings = {
				ALWAYS_SEARCH_USER_PATHS = NO;
				CLANG_ANALYZER_NONNULL = YES;
				CLANG_ANALYZER_NUMBER_OBJECT_CONVERSION = YES_AGGRESSIVE;
				CLANG_CXX_LANGUAGE_STANDARD = "gnu++14";
				CLANG_CXX_LIBRARY = "libc++";
				CLANG_ENABLE_MODULES = YES;
				CLANG_ENABLE_OBJC_ARC = YES;
				CLANG_ENABLE_OBJC_WEAK = YES;
				CLANG_WARN_BLOCK_CAPTURE_AUTORELEASING = YES;
				CLANG_WARN_BOOL_CONVERSION = YES;
				CLANG_WARN_COMMA = YES;
				CLANG_WARN_CONSTANT_CONVERSION = YES;
				CLANG_WARN_DEPRECATED_OBJC_IMPLEMENTATIONS = YES;
				CLANG_WARN_DIRECT_OBJC_ISA_USAGE = YES_ERROR;
				CLANG_WARN_DOCUMENTATION_COMMENTS = YES;
				CLANG_WARN_EMPTY_BODY = YES;
				CLANG_WARN_ENUM_CONVERSION = YES;
				CLANG_WARN_INFINITE_RECURSION = YES;
				CLANG_WARN_INT_CONVERSION = YES;
				CLANG_WARN_NON_LITERAL_NULL_CONVERSION = YES;
				CLANG_WARN_OBJC_IMPLICIT_RETAIN_SELF = YES;
				CLANG_WARN_OBJC_LITERAL_CONVERSION = YES;
				CLANG_WARN_OBJC_ROOT_CLASS = YES_ERROR;
				CLANG_WARN_RANGE_LOOP_ANALYSIS = YES;
				CLANG_WARN_STRICT_PROTOTYPES = YES;
				CLANG_WARN_SUSPICIOUS_MOVE = YES;
				CLANG_WARN_UNGUARDED_AVAILABILITY = YES_AGGRESSIVE;
				CLANG_WARN_UNREACHABLE_CODE = YES;
				CLANG_WARN__DUPLICATE_METHOD_MATCH = YES;
				CODE_SIGN_IDENTITY = "iPhone Developer";
				COPY_PHASE_STRIP = NO;
				DEBUG_INFORMATION_FORMAT = dwarf;
				ENABLE_STRICT_OBJC_MSGSEND = YES;
				ENABLE_TESTABILITY = YES;
				GCC_C_LANGUAGE_STANDARD = gnu11;
				GCC_DYNAMIC_NO_PIC = NO;
				GCC_NO_COMMON_BLOCKS = YES;
				GCC_OPTIMIZATION_LEVEL = 0;
				GCC_PREPROCESSOR_DEFINITIONS = (
					"DEBUG=1",
					"$(inherited)",
				);
				GCC_WARN_64_TO_32_BIT_CONVERSION = YES;
				GCC_WARN_ABOUT_RETURN_TYPE = YES_ERROR;
				GCC_WARN_UNDECLARED_SELECTOR = YES;
				GCC_WARN_UNINITIALIZED_AUTOS = YES_AGGRESSIVE;
				GCC_WARN_UNUSED_FUNCTION = YES;
				GCC_WARN_UNUSED_VARIABLE = YES;
				IPHONEOS_DEPLOYMENT_TARGET = 11.4;
				MTL_ENABLE_DEBUG_INFO = YES;
				ONLY_ACTIVE_ARCH = YES;
				SDKROOT = iphoneos;
				SWIFT_ACTIVE_COMPILATION_CONDITIONS = DEBUG;
				SWIFT_OPTIMIZATION_LEVEL = "-Onone";
			};
			name = Debug;
		};
		CA5FBA8520C7A0A100E1E40E /* Release */ = {
			isa = XCBuildConfiguration;
			buildSettings = {
				ALWAYS_SEARCH_USER_PATHS = NO;
				CLANG_ANALYZER_NONNULL = YES;
				CLANG_ANALYZER_NUMBER_OBJECT_CONVERSION = YES_AGGRESSIVE;
				CLANG_CXX_LANGUAGE_STANDARD = "gnu++14";
				CLANG_CXX_LIBRARY = "libc++";
				CLANG_ENABLE_MODULES = YES;
				CLANG_ENABLE_OBJC_ARC = YES;
				CLANG_ENABLE_OBJC_WEAK = YES;
				CLANG_WARN_BLOCK_CAPTURE_AUTORELEASING = YES;
				CLANG_WARN_BOOL_CONVERSION = YES;
				CLANG_WARN_COMMA = YES;
				CLANG_WARN_CONSTANT_CONVERSION = YES;
				CLANG_WARN_DEPRECATED_OBJC_IMPLEMENTATIONS = YES;
				CLANG_WARN_DIRECT_OBJC_ISA_USAGE = YES_ERROR;
				CLANG_WARN_DOCUMENTATION_COMMENTS = YES;
				CLANG_WARN_EMPTY_BODY = YES;
				CLANG_WARN_ENUM_CONVERSION = YES;
				CLANG_WARN_INFINITE_RECURSION = YES;
				CLANG_WARN_INT_CONVERSION = YES;
				CLANG_WARN_NON_LITERAL_NULL_CONVERSION = YES;
				CLANG_WARN_OBJC_IMPLICIT_RETAIN_SELF = YES;
				CLANG_WARN_OBJC_LITERAL_CONVERSION = YES;
				CLANG_WARN_OBJC_ROOT_CLASS = YES_ERROR;
				CLANG_WARN_RANGE_LOOP_ANALYSIS = YES;
				CLANG_WARN_STRICT_PROTOTYPES = YES;
				CLANG_WARN_SUSPICIOUS_MOVE = YES;
				CLANG_WARN_UNGUARDED_AVAILABILITY = YES_AGGRESSIVE;
				CLANG_WARN_UNREACHABLE_CODE = YES;
				CLANG_WARN__DUPLICATE_METHOD_MATCH = YES;
				CODE_SIGN_IDENTITY = "iPhone Developer";
				COPY_PHASE_STRIP = NO;
				DEBUG_INFORMATION_FORMAT = "dwarf-with-dsym";
				ENABLE_NS_ASSERTIONS = NO;
				ENABLE_STRICT_OBJC_MSGSEND = YES;
				GCC_C_LANGUAGE_STANDARD = gnu11;
				GCC_NO_COMMON_BLOCKS = YES;
				GCC_WARN_64_TO_32_BIT_CONVERSION = YES;
				GCC_WARN_ABOUT_RETURN_TYPE = YES_ERROR;
				GCC_WARN_UNDECLARED_SELECTOR = YES;
				GCC_WARN_UNINITIALIZED_AUTOS = YES_AGGRESSIVE;
				GCC_WARN_UNUSED_FUNCTION = YES;
				GCC_WARN_UNUSED_VARIABLE = YES;
				IPHONEOS_DEPLOYMENT_TARGET = 11.4;
				MTL_ENABLE_DEBUG_INFO = NO;
				SDKROOT = iphoneos;
				SWIFT_COMPILATION_MODE = wholemodule;
				SWIFT_OPTIMIZATION_LEVEL = "-O";
				VALIDATE_PRODUCT = YES;
			};
			name = Release;
		};
		CA5FBA8720C7A0A100E1E40E /* Debug */ = {
			isa = XCBuildConfiguration;
			buildSettings = {
				ASSETCATALOG_COMPILER_APPICON_NAME = AppIcon;
				CODE_SIGN_STYLE = Automatic;
				DEVELOPMENT_TEAM = NYK3FCF3T2;
				INFOPLIST_FILE = PlayingCard/Info.plist;
				LD_RUNPATH_SEARCH_PATHS = (
					"$(inherited)",
					"@executable_path/Frameworks",
				);
				PRODUCT_BUNDLE_IDENTIFIER = com.pajato.PlayingCard;
				PRODUCT_NAME = "$(TARGET_NAME)";
				SWIFT_VERSION = 4.0;
				TARGETED_DEVICE_FAMILY = "1,2";
			};
			name = Debug;
		};
		CA5FBA8820C7A0A100E1E40E /* Release */ = {
			isa = XCBuildConfiguration;
			buildSettings = {
				ASSETCATALOG_COMPILER_APPICON_NAME = AppIcon;
				CODE_SIGN_STYLE = Automatic;
				DEVELOPMENT_TEAM = NYK3FCF3T2;
				INFOPLIST_FILE = PlayingCard/Info.plist;
				LD_RUNPATH_SEARCH_PATHS = (
					"$(inherited)",
					"@executable_path/Frameworks",
				);
				PRODUCT_BUNDLE_IDENTIFIER = com.pajato.PlayingCard;
				PRODUCT_NAME = "$(TARGET_NAME)";
				SWIFT_VERSION = 4.0;
				TARGETED_DEVICE_FAMILY = "1,2";
			};
			name = Release;
		};
/* End XCBuildConfiguration section */

/* Begin XCConfigurationList section */
		CA5FBA6F20C7A09F00E1E40E /* Build configuration list for PBXProject "PlayingCard" */ = {
			isa = XCConfigurationList;
			buildConfigurations = (
				CA5FBA8420C7A0A100E1E40E /* Debug */,
				CA5FBA8520C7A0A100E1E40E /* Release */,
			);
			defaultConfigurationIsVisible = 0;
			defaultConfigurationName = Release;
		};
		CA5FBA8620C7A0A100E1E40E /* Build configuration list for PBXNativeTarget "PlayingCard" */ = {
			isa = XCConfigurationList;
			buildConfigurations = (
				CA5FBA8720C7A0A100E1E40E /* Debug */,
				CA5FBA8820C7A0A100E1E40E /* Release */,
			);
			defaultConfigurationIsVisible = 0;
			defaultConfigurationName = Release;
		};
/* End XCConfigurationList section */
	};
	rootObject = CA5FBA6C20C7A09F00E1E40E /* Project object */;
}
